
Microsoft Visual Studio Solution File, Format Version 12.00
# Visual Studio Version 17
VisualStudioVersion = 17.11.35312.102
MinimumVisualStudioVersion = 10.0.40219.1
Project("{9A19103F-16F7-4668-BE54-9A1E7A4F7556}") = "ConsoleApp1", "ApplicationClient\ConsoleApp1.csproj", "{A329EB69-FBB6-425C-9C51-C5729312E5D8}"
EndProject
Project("{9A19103F-16F7-4668-BE54-9A1E7A4F7556}") = "Academy_Group", "SampleLibrary\Academy_Group.csproj", "{662969FA-C7AB-4874-8883-01C55878E51F}"
EndProject
Project("{9A19103F-16F7-4668-BE54-9A1E7A4F7556}") = "Person", "Init Print\Person.csproj", "{B812B629-D5E2-4506-8A4A-87D28CEC54C6}"
EndProject
Project("{9A19103F-16F7-4668-BE54-9A1E7A4F7556}") = "Student", "Reverse\Student.csproj", "{118DCAF3-5A28-4C0C-8907-03453C42919A}"
	ProjectSection(ProjectDependencies) = postProject
		{B812B629-D5E2-4506-8A4A-87D28CEC54C6} = {B812B629-D5E2-4506-8A4A-87D28CEC54C6}
	EndProjectSection
EndProject
Global
	GlobalSection(SolutionConfigurationPlatforms) = preSolution
		Debug|Any CPU = Debug|Any CPU
		Release|Any CPU = Release|Any CPU
	EndGlobalSection
	GlobalSection(ProjectConfigurationPlatforms) = postSolution
		{A329EB69-FBB6-425C-9C51-C5729312E5D8}.Debug|Any CPU.ActiveCfg = Debug|Any CPU
		{A329EB69-FBB6-425C-9C51-C5729312E5D8}.Debug|Any CPU.Build.0 = Debug|Any CPU
		{A329EB69-FBB6-425C-9C51-C5729312E5D8}.Release|Any CPU.ActiveCfg = Release|Any CPU
		{A329EB69-FBB6-425C-9C51-C5729312E5D8}.Release|Any CPU.Build.0 = Release|Any CPU
		{662969FA-C7AB-4874-8883-01C55878E51F}.Debug|Any CPU.ActiveCfg = Debug|Any CPU
		{662969FA-C7AB-4874-8883-01C55878E51F}.Debug|Any CPU.Build.0 = Debug|Any CPU
		{662969FA-C7AB-4874-8883-01C55878E51F}.Release|Any CPU.ActiveCfg = Release|Any CPU
		{662969FA-C7AB-4874-8883-01C55878E51F}.Release|Any CPU.Build.0 = Release|Any CPU
		{B812B629-D5E2-4506-8A4A-87D28CEC54C6}.Debug|Any CPU.ActiveCfg = Debug|Any CPU
		{B812B629-D5E2-4506-8A4A-87D28CEC54C6}.Debug|Any CPU.Build.0 = Debug|Any CPU
		{B812B629-D5E2-4506-8A4A-87D28CEC54C6}.Release|Any CPU.ActiveCfg = Release|Any CPU
		{B812B629-D5E2-4506-8A4A-87D28CEC54C6}.Release|Any CPU.Build.0 = Release|Any CPU
		{118DCAF3-5A28-4C0C-8907-03453C42919A}.Debug|Any CPU.ActiveCfg = Debug|Any CPU
		{118DCAF3-5A28-4C0C-8907-03453C42919A}.Debug|Any CPU.Build.0 = Debug|Any CPU
		{118DCAF3-5A28-4C0C-8907-03453C42919A}.Release|Any CPU.ActiveCfg = Release|Any CPU
		{118DCAF3-5A28-4C0C-8907-03453C42919A}.Release|Any CPU.Build.0 = Release|Any CPU
	EndGlobalSection
	GlobalSection(SolutionProperties) = preSolution
		HideSolutionNode = FALSE
	EndGlobalSection
	GlobalSection(ExtensibilityGlobals) = postSolution
		SolutionGuid = {617E6EB6-2B39-4E7F-8850-1854C7642D9F}
	EndGlobalSection
EndGlobal
